# This file is automatically @generated by Cargo.
# It is not intended for manual editing.
version = 4

[[package]]
name = "hyper"
version = "0.1.0"
dependencies = [
 "hyper-abi",
 "rustc-demangle",
]

[[package]]
name = "hyper-abi"
version = "0.0.0"
source = "git+https://github.com/roolrz/HypeR-ABI?rev=54c05af44e1b94eb6e917c03a5df21206dab661a#54c05af44e1b94eb6e917c03a5df21206dab661a"

[[package]]
name = "rustc-demangle"
version = "0.1.28"
source = "registry+https://github.com/rust-lang/crates.io-index"
checksum = "b74b56ffa8bb2830709a538c2cbcae9aa062db0d2a42563bfb09bdaae44020eb"
