# This file is automatically @generated by Cargo.
# It is not intended for manual editing.
version = 4

[[package]]
name = "hyper-abi"
version = "0.0.0"

[[package]]
name = "hyper-os"
version = "0.0.0"
dependencies = [
 "hyper-abi",
 "hyper-sys",
]

[[package]]
name = "hyper-rt"
version = "0.0.0"
dependencies = [
 "hyper-abi",
 "hyper-os",
 "hyper-sys",
]

[[package]]
name = "hyper-rust-smoke"
version = "0.0.0"
dependencies = [
 "hyper-os",
 "hyper-rt",
]

[[package]]
name = "hyper-sys"
version = "0.0.0"
dependencies = [
 "hyper-abi",
]
